// !$*UTF8*$!
{
	archiveVersion = 1;
	classes = {
	};
	objectVersion = 77;
	objects = {

/* Begin PBXContainerItemProxy section */
		704E6F362CF84427006E7DCD /* PBXContainerItemProxy */ = {
			isa = PBXContainerItemProxy;
			containerPortal = 704E6F1D2CF84425006E7DCD /* Project object */;
			proxyType = 1;
			remoteGlobalIDString = 704E6F242CF84425006E7DCD;
			remoteInfo = EquatableViewTest;
		};
		704E6F402CF84427006E7DCD /* PBXContainerItemProxy */ = {
			isa = PBXContainerItemProxy;
			containerPortal = 704E6F1D2CF84425006E7DCD /* Project object */;
			proxyType = 1;
			remoteGlobalIDString = 704E6F242CF84425006E7DCD;
			remoteInfo = EquatableViewTest;
		};
/* End PBXContainerItemProxy section */

/* Begin PBXFileReference section */
		704E6F252CF84425006E7DCD /* EquatableViewTest.app */ = {isa = PBXFileReference; explicitFileType = wrapper.application; includeInIndex = 0; path = EquatableViewTest.app; sourceTree = BUILT_PRODUCTS_DIR; };
		704E6F352CF84427006E7DCD /* EquatableViewTestTests.xctest */ = {isa = PBXFileReference; explicitFileType = wrapper.cfbundle; includeInIndex = 0; path = EquatableViewTestTests.xctest; sourceTree = BUILT_PRODUCTS_DIR; };
		704E6F3F2CF84427006E7DCD /* EquatableViewTestUITests.xctest */ = {isa = PBXFileReference; explicitFileType = wrapper.cfbundle; includeInIndex = 0; path = EquatableViewTestUITests.xctest; sourceTree = BUILT_PRODUCTS_DIR; };
/* End PBXFileReference section */

/* Begin PBXFileSystemSynchronizedRootGroup section */
		704E6F272CF84425006E7DCD /* EquatableViewTest */ = {
			isa = PBXFileSystemSynchronizedRootGroup;
			path = EquatableViewTest;
			sourceTree = "<group>";
		};
		704E6F382CF84427006E7DCD /* EquatableViewTestTests */ = {
			isa = PBXFileSystemSynchronizedRootGroup;
			path = EquatableViewTestTests;
			sourceTree = "<group>";
		};
		704E6F422CF84427006E7DCD /* EquatableViewTestUITests */ = {
			isa = PBXFileSystemSynchronizedRootGroup;
			path = EquatableViewTestUITests;
			sourceTree = "<group>";
		};
/* End PBXFileSystemSynchronizedRootGroup section */

/* Begin PBXFrameworksBuildPhase section */
		704E6F222CF84425006E7DCD /* Frameworks */ = {
			isa = PBXFrameworksBuildPhase;
			buildActionMask = 2147483647;
			files = (
			);
			runOnlyForDeploymentPostprocessing = 0;
		};
		704E6F322CF84427006E7DCD /* Frameworks */ = {
			isa = PBXFrameworksBuildPhase;
			buildActionMask = 2147483647;
			files = (
			);
			runOnlyForDeploymentPostprocessing = 0;
		};
		704E6F3C2CF84427006E7DCD /* Frameworks */ = {
			isa = PBXFrameworksBuildPhase;
			buildActionMask = 2147483647;
			files = (
			);
			runOnlyForDeploymentPostprocessing = 0;
		};
/* End PBXFrameworksBuildPhase section */

/* Begin PBXGroup section */
		704E6F1C2CF84425006E7DCD = {
			isa = PBXGroup;
			children = (
				704E6F272CF84425006E7DCD /* EquatableViewTest */,
				704E6F382CF84427006E7DCD /* EquatableViewTestTests */,
				704E6F422CF84427006E7DCD /* EquatableViewTestUITests */,
				704E6F262CF84425006E7DCD /* Products */,
			);
			sourceTree = "<group>";
		};
		704E6F262CF84425006E7DCD /* Products */ = {
			isa = PBXGroup;
			children = (
				704E6F252CF84425006E7DCD /* EquatableViewTest.app */,
				704E6F352CF84427006E7DCD /* EquatableViewTestTests.xctest */,
				704E6F3F2CF84427006E7DCD /* EquatableViewTestUITests.xctest */,
			);
			name = Products;
			sourceTree = "<group>";
		};
/* End PBXGroup section */

/* Begin PBXNativeTarget section */
		704E6F242CF84425006E7DCD /* EquatableViewTest */ = {
			isa = PBXNativeTarget;
			buildConfigurationList = 704E6F492CF84427006E7DCD /* Build configuration list for PBXNativeTarget "EquatableViewTest" */;
			buildPhases = (
				704E6F212CF84425006E7DCD /* Sources */,
				704E6F222CF84425006E7DCD /* Frameworks */,
				704E6F232CF84425006E7DCD /* Resources */,
			);
			buildRules = (
			);
			dependencies = (
			);
			fileSystemSynchronizedGroups = (
				704E6F272CF84425006E7DCD /* EquatableViewTest */,
			);
			name = EquatableViewTest;
			packageProductDependencies = (
			);
			productName = EquatableViewTest;
			productReference = 704E6F252CF84425006E7DCD /* EquatableViewTest.app */;
			productType = "com.apple.product-type.application";
		};
		704E6F342CF84427006E7DCD /* EquatableViewTestTests */ = {
			isa = PBXNativeTarget;
			buildConfigurationList = 704E6F4C2CF84427006E7DCD /* Build configuration list for PBXNativeTarget "EquatableViewTestTests" */;
			buildPhases = (
				704E6F312CF84427006E7DCD /* Sources */,
				704E6F322CF84427006E7DCD /* Frameworks */,
				704E6F332CF84427006E7DCD /* Resources */,
			);
			buildRules = (
			);
			dependencies = (
				704E6F372CF84427006E7DCD /* PBXTargetDependency */,
			);
			fileSystemSynchronizedGroups = (
				704E6F382CF84427006E7DCD /* EquatableViewTestTests */,
			);
			name = EquatableViewTestTests;
			packageProductDependencies = (
			);
			productName = EquatableViewTestTests;
			productReference = 704E6F352CF84427006E7DCD /* EquatableViewTestTests.xctest */;
			productType = "com.apple.product-type.bundle.unit-test";
		};
		704E6F3E2CF84427006E7DCD /* EquatableViewTestUITests */ = {
			isa = PBXNativeTarget;
			buildConfigurationList = 704E6F4F2CF84427006E7DCD /* Build configuration list for PBXNativeTarget "EquatableViewTestUITests" */;
			buildPhases = (
				704E6F3B2CF84427006E7DCD /* Sources */,
				704E6F3C2CF84427006E7DCD /* Frameworks */,
				704E6F3D2CF84427006E7DCD /* Resources */,
			);
			buildRules = (
			);
			dependencies = (
				704E6F412CF84427006E7DCD /* PBXTargetDependency */,
			);
			fileSystemSynchronizedGroups = (
				704E6F422CF84427006E7DCD /* EquatableViewTestUITests */,
			);
			name = EquatableViewTestUITests;
			packageProductDependencies = (
			);
			productName = EquatableViewTestUITests;
			productReference = 704E6F3F2CF84427006E7DCD /* EquatableViewTestUITests.xctest */;
			productType = "com.apple.product-type.bundle.ui-testing";
		};
/* End PBXNativeTarget section */

/* Begin PBXProject section */
		704E6F1D2CF84425006E7DCD /* Project object */ = {
			isa = PBXProject;
			attributes = {
				BuildIndependentTargetsInParallel = 1;
				LastSwiftUpdateCheck = 1610;
				LastUpgradeCheck = 1610;
				TargetAttributes = {
					704E6F242CF84425006E7DCD = {
						CreatedOnToolsVersion = 16.1;
					};
					704E6F342CF84427006E7DCD = {
						CreatedOnToolsVersion = 16.1;
						TestTargetID = 704E6F242CF84425006E7DCD;
					};
					704E6F3E2CF84427006E7DCD = {
						CreatedOnToolsVersion = 16.1;
						TestTargetID = 704E6F242CF84425006E7DCD;
					};
				};
			};
			buildConfigurationList = 704E6F202CF84425006E7DCD /* Build configuration list for PBXProject "EquatableViewTest" */;
			developmentRegion = en;
			hasScannedForEncodings = 0;
			knownRegions = (
				en,
				Base,
			);
			mainGroup = 704E6F1C2CF84425006E7DCD;
			minimizedProjectReferenceProxies = 1;
			preferredProjectObjectVersion = 77;
			productRefGroup = 704E6F262CF84425006E7DCD /* Products */;
			projectDirPath = "";
			projectRoot = "";
			targets = (
				704E6F242CF84425006E7DCD /* EquatableViewTest */,
				704E6F342CF84427006E7DCD /* EquatableViewTestTests */,
				704E6F3E2CF84427006E7DCD /* EquatableViewTestUITests */,
			);
		};
/* End PBXProject section */

/* Begin PBXResourcesBuildPhase section */
		704E6F232CF84425006E7DCD /* Resources */ = {
			isa = PBXResourcesBuildPhase;
			buildActionMask = 2147483647;
			files = (
			);
			runOnlyForDeploymentPostprocessing = 0;
		};
		704E6F332CF84427006E7DCD /* Resources */ = {
			isa = PBXResourcesBuildPhase;
			buildActionMask = 2147483647;
			files = (
			);
			runOnlyForDeploymentPostprocessing = 0;
		};
		704E6F3D2CF84427006E7DCD /* Resources */ = {
			isa = PBXResourcesBuildPhase;
			buildActionMask = 2147483647;
			files = (
			);
			runOnlyForDeploymentPostprocessing = 0;
		};
/* End PBXResourcesBuildPhase section */

/* Begin PBXSourcesBuildPhase section */
		704E6F212CF84425006E7DCD /* Sources */ = {
			isa = PBXSourcesBuildPhase;
			buildActionMask = 2147483647;
			files = (
			);
			runOnlyForDeploymentPostprocessing = 0;
		};
		704E6F312CF84427006E7DCD /* Sources */ = {
			isa = PBXSourcesBuildPhase;
			buildActionMask = 2147483647;
			files = (
			);
			runOnlyForDeploymentPostprocessing = 0;
		};
		704E6F3B2CF84427006E7DCD /* Sources */ = {
			isa = PBXSourcesBuildPhase;
			buildActionMask = 2147483647;
			files = (
			);
			runOnlyForDeploymentPostprocessing = 0;
		};
/* End PBXSourcesBuildPhase section */

/* Begin PBXTargetDependency section */
		704E6F372CF84427006E7DCD /* PBXTargetDependency */ = {
			isa = PBXTargetDependency;
			target = 704E6F242CF84425006E7DCD /* EquatableViewTest */;
			targetProxy = 704E6F362CF84427006E7DCD /* PBXContainerItemProxy */;
		};
		704E6F412CF84427006E7DCD /* PBXTargetDependency */ = {
			isa = PBXTargetDependency;
			target = 704E6F242CF84425006E7DCD /* EquatableViewTest */;
			targetProxy = 704E6F402CF84427006E7DCD /* PBXContainerItemProxy */;
		};
/* End PBXTargetDependency section */

/* Begin XCBuildConfiguration section */
		704E6F472CF84427006E7DCD /* Debug */ = {
			isa = XCBuildConfiguration;
			buildSettings = {
				ALWAYS_SEARCH_USER_PATHS = NO;
				ASSETCATALOG_COMPILER_GENERATE_SWIFT_ASSET_SYMBOL_EXTENSIONS = YES;
				CLANG_ANALYZER_NONNULL = YES;
				CLANG_ANALYZER_NUMBER_OBJECT_CONVERSION = YES_AGGRESSIVE;
				CLANG_CXX_LANGUAGE_STANDARD = "gnu++20";
				CLANG_ENABLE_MODULES = YES;
				CLANG_ENABLE_OBJC_ARC = YES;
				CLANG_ENABLE_OBJC_WEAK = YES;
				CLANG_WARN_BLOCK_CAPTURE_AUTORELEASING = YES;
				CLANG_WARN_BOOL_CONVERSION = YES;
				CLANG_WARN_COMMA = YES;
				CLANG_WARN_CONSTANT_CONVERSION = YES;
				CLANG_WARN_DEPRECATED_OBJC_IMPLEMENTATIONS = YES;
				CLANG_WARN_DIRECT_OBJC_ISA_USAGE = YES_ERROR;
				CLANG_WARN_DOCUMENTATION_COMMENTS = YES;
				CLANG_WARN_EMPTY_BODY = YES;
				CLANG_WARN_ENUM_CONVERSION = YES;
				CLANG_WARN_INFINITE_RECURSION = YES;
				CLANG_WARN_INT_CONVERSION = YES;
				CLANG_WARN_NON_LITERAL_NULL_CONVERSION = YES;
				CLANG_WARN_OBJC_IMPLICIT_RETAIN_SELF = YES;
				CLANG_WARN_OBJC_LITERAL_CONVERSION = YES;
				CLANG_WARN_OBJC_ROOT_CLASS = YES_ERROR;
				CLANG_WARN_QUOTED_INCLUDE_IN_FRAMEWORK_HEADER = YES;
				CLANG_WARN_RANGE_LOOP_ANALYSIS = YES;
				CLANG_WARN_STRICT_PROTOTYPES = YES;
				CLANG_WARN_SUSPICIOUS_MOVE = YES;
				CLANG_WARN_UNGUARDED_AVAILABILITY = YES_AGGRESSIVE;
				CLANG_WARN_UNREACHABLE_CODE = YES;
				CLANG_WARN__DUPLICATE_METHOD_MATCH = YES;
				COPY_PHASE_STRIP = NO;
				DEBUG_INFORMATION_FORMAT = dwarf;
				ENABLE_STRICT_OBJC_MSGSEND = YES;
				ENABLE_TESTABILITY = YES;
				ENABLE_USER_SCRIPT_SANDBOXING = YES;
				GCC_C_LANGUAGE_STANDARD = gnu17;
				GCC_DYNAMIC_NO_PIC = NO;
				GCC_NO_COMMON_BLOCKS = YES;
				GCC_OPTIMIZATION_LEVEL = 0;
				GCC_PREPROCESSOR_DEFINITIONS = (
					"DEBUG=1",
					"$(inherited)",
				);
				GCC_WARN_64_TO_32_BIT_CONVERSION = YES;
				GCC_WARN_ABOUT_RETURN_TYPE = YES_ERROR;
				GCC_WARN_UNDECLARED_SELECTOR = YES;
				GCC_WARN_UNINITIALIZED_AUTOS = YES_AGGRESSIVE;
				GCC_WARN_UNUSED_FUNCTION = YES;
				GCC_WARN_UNUSED_VARIABLE = YES;
				IPHONEOS_DEPLOYMENT_TARGET = 18.1;
				LOCALIZATION_PREFERS_STRING_CATALOGS = YES;
				MTL_ENABLE_DEBUG_INFO = INCLUDE_SOURCE;
				MTL_FAST_MATH = YES;
				ONLY_ACTIVE_ARCH = YES;
				SDKROOT = iphoneos;
				SWIFT_ACTIVE_COMPILATION_CONDITIONS = "DEBUG $(inherited)";
				SWIFT_OPTIMIZATION_LEVEL = "-Onone";
			};
			name = Debug;
		};
		704E6F482CF84427006E7DCD /* Release */ = {
			isa = XCBuildConfiguration;
			buildSettings = {
				ALWAYS_SEARCH_USER_PATHS = NO;
				ASSETCATALOG_COMPILER_GENERATE_SWIFT_ASSET_SYMBOL_EXTENSIONS = YES;
				CLANG_ANALYZER_NONNULL = YES;
				CLANG_ANALYZER_NUMBER_OBJECT_CONVERSION = YES_AGGRESSIVE;
				CLANG_CXX_LANGUAGE_STANDARD = "gnu++20";
				CLANG_ENABLE_MODULES = YES;
				CLANG_ENABLE_OBJC_ARC = YES;
				CLANG_ENABLE_OBJC_WEAK = YES;
				CLANG_WARN_BLOCK_CAPTURE_AUTORELEASING = YES;
				CLANG_WARN_BOOL_CONVERSION = YES;
				CLANG_WARN_COMMA = YES;
				CLANG_WARN_CONSTANT_CONVERSION = YES;
				CLANG_WARN_DEPRECATED_OBJC_IMPLEMENTATIONS = YES;
				CLANG_WARN_DIRECT_OBJC_ISA_USAGE = YES_ERROR;
				CLANG_WARN_DOCUMENTATION_COMMENTS = YES;
				CLANG_WARN_EMPTY_BODY = YES;
				CLANG_WARN_ENUM_CONVERSION = YES;
				CLANG_WARN_INFINITE_RECURSION = YES;
				CLANG_WARN_INT_CONVERSION = YES;
				CLANG_WARN_NON_LITERAL_NULL_CONVERSION = YES;
				CLANG_WARN_OBJC_IMPLICIT_RETAIN_SELF = YES;
				CLANG_WARN_OBJC_LITERAL_CONVERSION = YES;
				CLANG_WARN_OBJC_ROOT_CLASS = YES_ERROR;
				CLANG_WARN_QUOTED_INCLUDE_IN_FRAMEWORK_HEADER = YES;
				CLANG_WARN_RANGE_LOOP_ANALYSIS = YES;
				CLANG_WARN_STRICT_PROTOTYPES = YES;
				CLANG_WARN_SUSPICIOUS_MOVE = YES;
				CLANG_WARN_UNGUARDED_AVAILABILITY = YES_AGGRESSIVE;
				CLANG_WARN_UNREACHABLE_CODE = YES;
				CLANG_WARN__DUPLICATE_METHOD_MATCH = YES;
				COPY_PHASE_STRIP = NO;
				DEBUG_INFORMATION_FORMAT = "dwarf-with-dsym";
				ENABLE_NS_ASSERTIONS = NO;
				ENABLE_STRICT_OBJC_MSGSEND = YES;
				ENABLE_USER_SCRIPT_SANDBOXING = YES;
				GCC_C_LANGUAGE_STANDARD = gnu17;
				GCC_NO_COMMON_BLOCKS = YES;
				GCC_WARN_64_TO_32_BIT_CONVERSION = YES;
				GCC_WARN_ABOUT_RETURN_TYPE = YES_ERROR;
				GCC_WARN_UNDECLARED_SELECTOR = YES;
				GCC_WARN_UNINITIALIZED_AUTOS = YES_AGGRESSIVE;
				GCC_WARN_UNUSED_FUNCTION = YES;
				GCC_WARN_UNUSED_VARIABLE = YES;
				IPHONEOS_DEPLOYMENT_TARGET = 18.1;
				LOCALIZATION_PREFERS_STRING_CATALOGS = YES;
				MTL_ENABLE_DEBUG_INFO = NO;
				MTL_FAST_MATH = YES;
				SDKROOT = iphoneos;
				SWIFT_COMPILATION_MODE = wholemodule;
				VALIDATE_PRODUCT = YES;
			};
			name = Release;
		};
		704E6F4A2CF84427006E7DCD /* Debug */ = {
			isa = XCBuildConfiguration;
			buildSettings = {
				ASSETCATALOG_COMPILER_APPICON_NAME = AppIcon;
				ASSETCATALOG_COMPILER_GLOBAL_ACCENT_COLOR_NAME = AccentColor;
				CODE_SIGN_STYLE = Automatic;
				CURRENT_PROJECT_VERSION = 1;
				DEVELOPMENT_ASSET_PATHS = "\"EquatableViewTest/Preview Content\"";
				DEVELOPMENT_TEAM = 8K9YSXMH3N;
				ENABLE_PREVIEWS = YES;
				GENERATE_INFOPLIST_FILE = YES;
				INFOPLIST_KEY_UIApplicationSceneManifest_Generation = YES;
				INFOPLIST_KEY_UIApplicationSupportsIndirectInputEvents = YES;
				INFOPLIST_KEY_UILaunchScreen_Generation = YES;
				INFOPLIST_KEY_UISupportedInterfaceOrientations_iPad = "UIInterfaceOrientationPortrait UIInterfaceOrientationPortraitUpsideDown UIInterfaceOrientationLandscapeLeft UIInterfaceOrientationLandscapeRight";
				INFOPLIST_KEY_UISupportedInterfaceOrientations_iPhone = "UIInterfaceOrientationPortrait UIInterfaceOrientationLandscapeLeft UIInterfaceOrientationLandscapeRight";
				LD_RUNPATH_SEARCH_PATHS = (
					"$(inherited)",
					"@executable_path/Frameworks",
				);
				MARKETING_VERSION = 1.0;
				PRODUCT_BUNDLE_IDENTIFIER = com.ipetrie.EquatableViewTest;
				PRODUCT_NAME = "$(TARGET_NAME)";
				SWIFT_EMIT_LOC_STRINGS = YES;
				SWIFT_VERSION = 5.0;
				TARGETED_DEVICE_FAMILY = "1,2";
			};
			name = Debug;
		};
		704E6F4B2CF84427006E7DCD /* Release */ = {
			isa = XCBuildConfiguration;
			buildSettings = {
				ASSETCATALOG_COMPILER_APPICON_NAME = AppIcon;
				ASSETCATALOG_COMPILER_GLOBAL_ACCENT_COLOR_NAME = AccentColor;
				CODE_SIGN_STYLE = Automatic;
				CURRENT_PROJECT_VERSION = 1;
				DEVELOPMENT_ASSET_PATHS = "\"EquatableViewTest/Preview Content\"";
				DEVELOPMENT_TEAM = 8K9YSXMH3N;
				ENABLE_PREVIEWS = YES;
				GENERATE_INFOPLIST_FILE = YES;
				INFOPLIST_KEY_UIApplicationSceneManifest_Generation = YES;
				INFOPLIST_KEY_UIApplicationSupportsIndirectInputEvents = YES;
				INFOPLIST_KEY_UILaunchScreen_Generation = YES;
				INFOPLIST_KEY_UISupportedInterfaceOrientations_iPad = "UIInterfaceOrientationPortrait UIInterfaceOrientationPortraitUpsideDown UIInterfaceOrientationLandscapeLeft UIInterfaceOrientationLandscapeRight";
				INFOPLIST_KEY_UISupportedInterfaceOrientations_iPhone = "UIInterfaceOrientationPortrait UIInterfaceOrientationLandscapeLeft UIInterfaceOrientationLandscapeRight";
				LD_RUNPATH_SEARCH_PATHS = (
					"$(inherited)",
					"@executable_path/Frameworks",
				);
				MARKETING_VERSION = 1.0;
				PRODUCT_BUNDLE_IDENTIFIER = com.ipetrie.EquatableViewTest;
				PRODUCT_NAME = "$(TARGET_NAME)";
				SWIFT_EMIT_LOC_STRINGS = YES;
				SWIFT_VERSION = 5.0;
				TARGETED_DEVICE_FAMILY = "1,2";
			};
			name = Release;
		};
		704E6F4D2CF84427006E7DCD /* Debug */ = {
			isa = XCBuildConfiguration;
			buildSettings = {
				BUNDLE_LOADER = "$(TEST_HOST)";
				CODE_SIGN_STYLE = Automatic;
				CURRENT_PROJECT_VERSION = 1;
				DEVELOPMENT_TEAM = 8K9YSXMH3N;
				GENERATE_INFOPLIST_FILE = YES;
				IPHONEOS_DEPLOYMENT_TARGET = 18.1;
				MARKETING_VERSION = 1.0;
				PRODUCT_BUNDLE_IDENTIFIER = com.ipetrie.EquatableViewTestTests;
				PRODUCT_NAME = "$(TARGET_NAME)";
				SWIFT_EMIT_LOC_STRINGS = NO;
				SWIFT_VERSION = 5.0;
				TARGETED_DEVICE_FAMILY = "1,2";
				TEST_HOST = "$(BUILT_PRODUCTS_DIR)/EquatableViewTest.app/$(BUNDLE_EXECUTABLE_FOLDER_PATH)/EquatableViewTest";
			};
			name = Debug;
		};
		704E6F4E2CF84427006E7DCD /* Release */ = {
			isa = XCBuildConfiguration;
			buildSettings = {
				BUNDLE_LOADER = "$(TEST_HOST)";
				CODE_SIGN_STYLE = Automatic;
				CURRENT_PROJECT_VERSION = 1;
				DEVELOPMENT_TEAM = 8K9YSXMH3N;
				GENERATE_INFOPLIST_FILE = YES;
				IPHONEOS_DEPLOYMENT_TARGET = 18.1;
				MARKETING_VERSION = 1.0;
				PRODUCT_BUNDLE_IDENTIFIER = com.ipetrie.EquatableViewTestTests;
				PRODUCT_NAME = "$(TARGET_NAME)";
				SWIFT_EMIT_LOC_STRINGS = NO;
				SWIFT_VERSION = 5.0;
				TARGETED_DEVICE_FAMILY = "1,2";
				TEST_HOST = "$(BUILT_PRODUCTS_DIR)/EquatableViewTest.app/$(BUNDLE_EXECUTABLE_FOLDER_PATH)/EquatableViewTest";
			};
			name = Release;
		};
		704E6F502CF84427006E7DCD /* Debug */ = {
			isa = XCBuildConfiguration;
			buildSettings = {
				CODE_SIGN_STYLE = Automatic;
				CURRENT_PROJECT_VERSION = 1;
				DEVELOPMENT_TEAM = 8K9YSXMH3N;
				GENERATE_INFOPLIST_FILE = YES;
				MARKETING_VERSION = 1.0;
				PRODUCT_BUNDLE_IDENTIFIER = com.ipetrie.EquatableViewTestUITests;
				PRODUCT_NAME = "$(TARGET_NAME)";
				SWIFT_EMIT_LOC_STRINGS = NO;
				SWIFT_VERSION = 5.0;
				TARGETED_DEVICE_FAMILY = "1,2";
				TEST_TARGET_NAME = EquatableViewTest;
			};
			name = Debug;
		};
		704E6F512CF84427006E7DCD /* Release */ = {
			isa = XCBuildConfiguration;
			buildSettings = {
				CODE_SIGN_STYLE = Automatic;
				CURRENT_PROJECT_VERSION = 1;
				DEVELOPMENT_TEAM = 8K9YSXMH3N;
				GENERATE_INFOPLIST_FILE = YES;
				MARKETING_VERSION = 1.0;
				PRODUCT_BUNDLE_IDENTIFIER = com.ipetrie.EquatableViewTestUITests;
				PRODUCT_NAME = "$(TARGET_NAME)";
				SWIFT_EMIT_LOC_STRINGS = NO;
				SWIFT_VERSION = 5.0;
				TARGETED_DEVICE_FAMILY = "1,2";
				TEST_TARGET_NAME = EquatableViewTest;
			};
			name = Release;
		};
/* End XCBuildConfiguration section */

/* Begin XCConfigurationList section */
		704E6F202CF84425006E7DCD /* Build configuration list for PBXProject "EquatableViewTest" */ = {
			isa = XCConfigurationList;
			buildConfigurations = (
				704E6F472CF84427006E7DCD /* Debug */,
				704E6F482CF84427006E7DCD /* Release */,
			);
			defaultConfigurationIsVisible = 0;
			defaultConfigurationName = Release;
		};
		704E6F492CF84427006E7DCD /* Build configuration list for PBXNativeTarget "EquatableViewTest" */ = {
			isa = XCConfigurationList;
			buildConfigurations = (
				704E6F4A2CF84427006E7DCD /* Debug */,
				704E6F4B2CF84427006E7DCD /* Release */,
			);
			defaultConfigurationIsVisible = 0;
			defaultConfigurationName = Release;
		};
		704E6F4C2CF84427006E7DCD /* Build configuration list for PBXNativeTarget "EquatableViewTestTests" */ = {
			isa = XCConfigurationList;
			buildConfigurations = (
				704E6F4D2CF84427006E7DCD /* Debug */,
				704E6F4E2CF84427006E7DCD /* Release */,
			);
			defaultConfigurationIsVisible = 0;
			defaultConfigurationName = Release;
		};
		704E6F4F2CF84427006E7DCD /* Build configuration list for PBXNativeTarget "EquatableViewTestUITests" */ = {
			isa = XCConfigurationList;
			buildConfigurations = (
				704E6F502CF84427006E7DCD /* Debug */,
				704E6F512CF84427006E7DCD /* Release */,
			);
			defaultConfigurationIsVisible = 0;
			defaultConfigurationName = Release;
		};
/* End XCConfigurationList section */
	};
	rootObject = 704E6F1D2CF84425006E7DCD /* Project object */;
}
